{
  "name": "@variocube/driver-common",
  "version": "1.0.0-alpha16",
  "lockfileVersion": 1,
  "requires": true,
  "dependencies": {
    "@types/node": {
      "version": "14.6.4",
      "resolved": "https://registry.npmjs.org/@types/node/-/node-14.6.4.tgz",
      "integrity": "sha512-Wk7nG1JSaMfMpoMJDKUsWYugliB2Vy55pdjLpmLixeyMi7HizW2I/9QoxsPCkXl3dO+ZOVqPumKaDUv5zJu2uQ==",
      "dev": true
    },
    "@types/ws": {
      "version": "7.2.6",
      "resolved": "https://registry.npmjs.org/@types/ws/-/ws-7.2.6.tgz",
      "integrity": "sha512-Q07IrQUSNpr+cXU4E4LtkSIBPie5GLZyyMC1QtQYRLWz701+XcoVygGUZgvLqElq1nU4ICldMYPnexlBsg3dqQ==",
      "dev": true,
      "requires": {
        "@types/node": "*"
      }
    },
    "@variocube/vcmp": {
      "version": "1.0.0-alpha4",
      "resolved": "https://npm.pkg.github.com/download/@variocube/vcmp/1.0.0-alpha4/b58f97a6bc47114a5b7172a44bce7a69d5ac48a52d59086d75db2d45817c63b0",
      "integrity": "sha512-MYXRyFy8w2its9Nj4F5mDY835ikcF+Jdw9wJ8JZbLJkMdaXYdj+WdGAvxZ2nDYxTf4Czvr6yDZUL+bLOdGDUUw=="
    },
    "typescript": {
      "version": "4.0.2",
      "resolved": "https://registry.npmjs.org/typescript/-/typescript-4.0.2.tgz",
      "integrity": "sha512-e4ERvRV2wb+rRZ/IQeb3jm2VxBsirQLpQhdxplZ2MEzGvDkkMmPglecnNDfSUBivMjP93vRbngYYDQqQ/78bcQ==",
      "dev": true
    },
    "ws": {
      "version": "7.3.1",
      "resolved": "https://registry.npmjs.org/ws/-/ws-7.3.1.tgz",
      "integrity": "sha512-D3RuNkynyHmEJIpD2qrgVkc9DQ23OrN/moAwZX4L8DfvszsJxpjQuUq3LMx6HoYji9fbIOBY18XWBsAux1ZZUA=="
    }
  }
}
