{
  "name": "@variocube/driver-common",
  "version": "1.0.0-alpha6",
  "lockfileVersion": 1,
  "requires": true,
  "dependencies": {
    "@types/node": {
      "version": "14.6.0",
      "resolved": "https://registry.npmjs.org/@types/node/-/node-14.6.0.tgz",
      "integrity": "sha512-mikldZQitV94akrc4sCcSjtJfsTKt4p+e/s0AGscVA6XArQ9kFclP+ZiYUMnq987rc6QlYxXv/EivqlfSLxpKA==",
      "dev": true
    },
    "@types/ws": {
      "version": "7.2.6",
      "resolved": "https://registry.npmjs.org/@types/ws/-/ws-7.2.6.tgz",
      "integrity": "sha512-Q07IrQUSNpr+cXU4E4LtkSIBPie5GLZyyMC1QtQYRLWz701+XcoVygGUZgvLqElq1nU4ICldMYPnexlBsg3dqQ==",
      "dev": true,
      "requires": {
        "@types/node": "*"
      }
    },
    "@variocube/vcmp": {
      "version": "1.0.0-alpha2",
      "resolved": "https://npm.pkg.github.com/download/@variocube/vcmp/1.0.0-alpha2/36b610d27aa02abaa9c8039a314eefeeb418ae4d532b0a0444620bc832d4e881",
      "integrity": "sha512-5n3OAIO/mO+YYJs2E38XMjLh5D1rpqocwV72D/biji0goKCG2R1QLVN6hRvUKeDvXvxxi+2bbY5yx7DP84i8Zg=="
    },
    "typescript": {
      "version": "3.9.7",
      "resolved": "https://registry.npmjs.org/typescript/-/typescript-3.9.7.tgz",
      "integrity": "sha512-BLbiRkiBzAwsjut4x/dsibSTB6yWpwT5qWmC2OfuCg3GgVQCSgMs4vEctYPhsaGtd0AeuuHMkjZ2h2WG8MSzRw==",
      "dev": true
    },
    "ws": {
      "version": "7.3.1",
      "resolved": "https://registry.npmjs.org/ws/-/ws-7.3.1.tgz",
      "integrity": "sha512-D3RuNkynyHmEJIpD2qrgVkc9DQ23OrN/moAwZX4L8DfvszsJxpjQuUq3LMx6HoYji9fbIOBY18XWBsAux1ZZUA=="
    }
  }
}
