{
  "name": "@variocube/driver-common",
  "version": "1.1.0",
  "lockfileVersion": 1,
  "requires": true,
  "dependencies": {
    "@types/node": {
      "version": "15.6.1",
      "resolved": "https://registry.npmjs.org/@types/node/-/node-15.6.1.tgz",
      "integrity": "sha512-7EIraBEyRHEe7CH+Fm1XvgqU6uwZN8Q7jppJGcqjROMT29qhAuuOxYB1uEY5UMYQKEmA5D+5tBnhdaPXSsLONA==",
      "dev": true
    },
    "@types/ws": {
      "version": "7.4.4",
      "resolved": "https://registry.npmjs.org/@types/ws/-/ws-7.4.4.tgz",
      "integrity": "sha512-d/7W23JAXPodQNbOZNXvl2K+bqAQrCMwlh/nuQsPSQk6Fq0opHoPrUw43aHsvSbIiQPr8Of2hkFbnz1XBFVyZQ==",
      "dev": true,
      "requires": {
        "@types/node": "*"
      }
    },
    "@variocube/vcmp": {
      "version": "1.0.4",
      "resolved": "https://npm.pkg.github.com/download/@variocube/vcmp/1.0.4/c874458291e9025ae784212d63a7763f358ac8c6a72ebcaf8795574220d3ce0f",
      "integrity": "sha512-3/dUBMlvsrhW2CfHQF8/Nfjy1lQhzKEP0bypxwWOkRaAi+Xotcm/dlpi6/9jxf17IuwJpJgPOXrzHB4kfUjfrA=="
    },
    "typescript": {
      "version": "4.3.2",
      "resolved": "https://registry.npmjs.org/typescript/-/typescript-4.3.2.tgz",
      "integrity": "sha512-zZ4hShnmnoVnAHpVHWpTcxdv7dWP60S2FsydQLV8V5PbS3FifjWFFRiHSWpDJahly88PRyV5teTSLoq4eG7mKw==",
      "dev": true
    },
    "ws": {
      "version": "7.4.6",
      "resolved": "https://registry.npmjs.org/ws/-/ws-7.4.6.tgz",
      "integrity": "sha512-YmhHDO4MzaDLB+M9ym/mDA5z0naX8j7SIlT8f8z+I0VtzsRbekxEutHSme7NPS2qE8StCYQNUnfWdXta/Yu85A=="
    }
  }
}
